# This file is automatically @generated by Cargo.
# It is not intended for manual editing.
version = 4

[[package]]
name = "sdf-cli"
version = "0.1.0"
dependencies = [
 "sdf-core",
 "sdf-mesh",
]

[[package]]
name = "sdf-core"
version = "0.1.0"

[[package]]
name = "sdf-dsl"
version = "0.1.0"
dependencies = [
 "sdf-core",
 "sdf-mesh",
]

[[package]]
name = "sdf-mesh"
version = "0.1.0"
dependencies = [
 "sdf-core",
]
